
Microsoft Visual Studio Solution File, Format Version 12.00
# Visual Studio 2013
VisualStudioVersion = 12.0.31101.0
MinimumVisualStudioVersion = 10.0.40219.1
Project("{CC5FD16D-436D-48AD-A40C-5A424C6E3E79}") = "StockInsider", "StockInsider\StockInsider.ccproj", "{64837B4A-6873-4274-A268-E1959CAB5418}"
EndProject
Project("{FAE04EC0-301F-11D3-BF4B-00C04F79EFBC}") = "WorkerRole1", "WorkerRole1\WorkerRole1.csproj", "{C53AA860-3559-43A9-9B5F-AE0463594C9C}"
EndProject
Project("{FAE04EC0-301F-11D3-BF4B-00C04F79EFBC}") = "WebApplication1", "WebApplication1\WebApplication1.csproj", "{6BF15B9E-818E-48C6-BC71-24209409C7FE}"
EndProject
Global
	GlobalSection(SolutionConfigurationPlatforms) = preSolution
		Debug|Any CPU = Debug|Any CPU
		Release|Any CPU = Release|Any CPU
	EndGlobalSection
	GlobalSection(ProjectConfigurationPlatforms) = postSolution
		{64837B4A-6873-4274-A268-E1959CAB5418}.Debug|Any CPU.ActiveCfg = Debug|Any CPU
		{64837B4A-6873-4274-A268-E1959CAB5418}.Debug|Any CPU.Build.0 = Debug|Any CPU
		{64837B4A-6873-4274-A268-E1959CAB5418}.Release|Any CPU.ActiveCfg = Release|Any CPU
		{64837B4A-6873-4274-A268-E1959CAB5418}.Release|Any CPU.Build.0 = Release|Any CPU
		{C53AA860-3559-43A9-9B5F-AE0463594C9C}.Debug|Any CPU.ActiveCfg = Debug|Any CPU
		{C53AA860-3559-43A9-9B5F-AE0463594C9C}.Debug|Any CPU.Build.0 = Debug|Any CPU
		{C53AA860-3559-43A9-9B5F-AE0463594C9C}.Release|Any CPU.ActiveCfg = Release|Any CPU
		{C53AA860-3559-43A9-9B5F-AE0463594C9C}.Release|Any CPU.Build.0 = Release|Any CPU
		{6BF15B9E-818E-48C6-BC71-24209409C7FE}.Debug|Any CPU.ActiveCfg = Debug|Any CPU
		{6BF15B9E-818E-48C6-BC71-24209409C7FE}.Debug|Any CPU.Build.0 = Debug|Any CPU
		{6BF15B9E-818E-48C6-BC71-24209409C7FE}.Release|Any CPU.ActiveCfg = Release|Any CPU
		{6BF15B9E-818E-48C6-BC71-24209409C7FE}.Release|Any CPU.Build.0 = Release|Any CPU
	EndGlobalSection
	GlobalSection(SolutionProperties) = preSolution
		HideSolutionNode = FALSE
	EndGlobalSection
EndGlobal
